
Microsoft Visual Studio Solution File, Format Version 12.00
# Visual Studio Version 17
VisualStudioVersion = 17.5.33627.172
MinimumVisualStudioVersion = 10.0.40219.1
Project("{FAE04EC0-301F-11D3-BF4B-00C04F79EFBC}") = "Revit_GetFamiliesData", "Revit_GetFamiliesData\Revit_GetFamiliesData.csproj", "{CC55492A-3CD0-4FCE-B9DF-7009644B30F2}"
EndProject
Global
	GlobalSection(SolutionConfigurationPlatforms) = preSolution
		Debug|Any CPU = Debug|Any CPU
		Release|Any CPU = Release|Any CPU
	EndGlobalSection
	GlobalSection(ProjectConfigurationPlatforms) = postSolution
		{CC55492A-3CD0-4FCE-B9DF-7009644B30F2}.Debug|Any CPU.ActiveCfg = Debug|Any CPU
		{CC55492A-3CD0-4FCE-B9DF-7009644B30F2}.Debug|Any CPU.Build.0 = Debug|Any CPU
		{CC55492A-3CD0-4FCE-B9DF-7009644B30F2}.Release|Any CPU.ActiveCfg = Release|Any CPU
		{CC55492A-3CD0-4FCE-B9DF-7009644B30F2}.Release|Any CPU.Build.0 = Release|Any CPU
	EndGlobalSection
	GlobalSection(SolutionProperties) = preSolution
		HideSolutionNode = FALSE
	EndGlobalSection
	GlobalSection(ExtensibilityGlobals) = postSolution
		SolutionGuid = {A908A8E5-72C0-42B0-8F30-E279C1341506}
	EndGlobalSection
EndGlobal
